
Microsoft Visual Studio Solution File, Format Version 12.00
# Visual Studio Version 17
VisualStudioVersion = 17.13.35818.85 d17.13
MinimumVisualStudioVersion = 10.0.40219.1
Project("{FAE04EC0-301F-11D3-BF4B-00C04F79EFBC}") = "FantasticDiceApp", "FantasticDiceApp.csproj", "{AC847C7C-952F-447F-9267-3D69233B5F37}"
EndProject
Global
	GlobalSection(SolutionConfigurationPlatforms) = preSolution
		Debug|Any CPU = Debug|Any CPU
		Release|Any CPU = Release|Any CPU
	EndGlobalSection
	GlobalSection(ProjectConfigurationPlatforms) = postSolution
		{AC847C7C-952F-447F-9267-3D69233B5F37}.Debug|Any CPU.ActiveCfg = Debug|Any CPU
		{AC847C7C-952F-447F-9267-3D69233B5F37}.Debug|Any CPU.Build.0 = Debug|Any CPU
		{AC847C7C-952F-447F-9267-3D69233B5F37}.Release|Any CPU.ActiveCfg = Release|Any CPU
		{AC847C7C-952F-447F-9267-3D69233B5F37}.Release|Any CPU.Build.0 = Release|Any CPU
	EndGlobalSection
	GlobalSection(SolutionProperties) = preSolution
		HideSolutionNode = FALSE
	EndGlobalSection
	GlobalSection(ExtensibilityGlobals) = postSolution
		SolutionGuid = {2AF4152C-0DEB-4C30-A291-82DFFB2B0EC8}
	EndGlobalSection
EndGlobal
